
Microsoft Visual Studio Solution File, Format Version 12.00
# Visual Studio Version 16
VisualStudioVersion = 16.0.31205.134
MinimumVisualStudioVersion = 10.0.40219.1
Project("{FAE04EC0-301F-11D3-BF4B-00C04F79EFBC}") = "MVCFrontEnd", "MVCFrontEnd\MVCFrontEnd.csproj", "{FF896670-26EB-4426-A5DB-6C25B1D5B683}"
EndProject
Global
	GlobalSection(SolutionConfigurationPlatforms) = preSolution
		Debug|Any CPU = Debug|Any CPU
		Release|Any CPU = Release|Any CPU
	EndGlobalSection
	GlobalSection(ProjectConfigurationPlatforms) = postSolution
		{FF896670-26EB-4426-A5DB-6C25B1D5B683}.Debug|Any CPU.ActiveCfg = Debug|Any CPU
		{FF896670-26EB-4426-A5DB-6C25B1D5B683}.Debug|Any CPU.Build.0 = Debug|Any CPU
		{FF896670-26EB-4426-A5DB-6C25B1D5B683}.Release|Any CPU.ActiveCfg = Release|Any CPU
		{FF896670-26EB-4426-A5DB-6C25B1D5B683}.Release|Any CPU.Build.0 = Release|Any CPU
	EndGlobalSection
	GlobalSection(SolutionProperties) = preSolution
		HideSolutionNode = FALSE
	EndGlobalSection
	GlobalSection(ExtensibilityGlobals) = postSolution
		SolutionGuid = {A7802B49-ADDA-4D29-9E26-BA7CF26336DF}
	EndGlobalSection
EndGlobal
